// !$*UTF8*$!
{
	archiveVersion = 1;
	classes = {
	};
	objectVersion = 77;
	objects = {

/* Begin PBXBuildFile section */
		71F48E1F2D780D6400449BC0 /* WidgetKit.framework in Frameworks */ = {isa = PBXBuildFile; fileRef = 71F48E1E2D780D6400449BC0 /* WidgetKit.framework */; };
		71F48E212D780D6400449BC0 /* SwiftUI.framework in Frameworks */ = {isa = PBXBuildFile; fileRef = 71F48E202D780D6400449BC0 /* SwiftUI.framework */; };
		71F48E2E2D780D6600449BC0 /* AminoteWidgetExtension.appex in Embed Foundation Extensions */ = {isa = PBXBuildFile; fileRef = 71F48E1C2D780D6400449BC0 /* AminoteWidgetExtension.appex */; settings = {ATTRIBUTES = (RemoveHeadersOnCopy, ); }; };
/* End PBXBuildFile section */

/* Begin PBXContainerItemProxy section */
		719D6EB82D474C3500278FA0 /* PBXContainerItemProxy */ = {
			isa = PBXContainerItemProxy;
			containerPortal = 715677982CCB49A200B8AF45 /* Project object */;
			proxyType = 1;
			remoteGlobalIDString = 7156779F2CCB49A200B8AF45;
			remoteInfo = Aminote;
		};
		719D6ED82D53B38000278FA0 /* PBXContainerItemProxy */ = {
			isa = PBXContainerItemProxy;
			containerPortal = 715677982CCB49A200B8AF45 /* Project object */;
			proxyType = 1;
			remoteGlobalIDString = 7156779F2CCB49A200B8AF45;
			remoteInfo = Aminote;
		};
		71F48E2C2D780D6600449BC0 /* PBXContainerItemProxy */ = {
			isa = PBXContainerItemProxy;
			containerPortal = 715677982CCB49A200B8AF45 /* Project object */;
			proxyType = 1;
			remoteGlobalIDString = 71F48E1B2D780D6400449BC0;
			remoteInfo = AminoteWidgetExtension;
		};
/* End PBXContainerItemProxy section */

/* Begin PBXCopyFilesBuildPhase section */
		71F48E332D780D6600449BC0 /* Embed Foundation Extensions */ = {
			isa = PBXCopyFilesBuildPhase;
			buildActionMask = 2147483647;
			dstPath = "";
			dstSubfolderSpec = 13;
			files = (
				71F48E2E2D780D6600449BC0 /* AminoteWidgetExtension.appex in Embed Foundation Extensions */,
			);
			name = "Embed Foundation Extensions";
			runOnlyForDeploymentPostprocessing = 0;
		};
/* End PBXCopyFilesBuildPhase section */

/* Begin PBXFileReference section */
		715677A02CCB49A200B8AF45 /* Aminote.app */ = {isa = PBXFileReference; explicitFileType = wrapper.application; includeInIndex = 0; path = Aminote.app; sourceTree = BUILT_PRODUCTS_DIR; };
		719D6EB42D474C3500278FA0 /* AminoteTests.xctest */ = {isa = PBXFileReference; explicitFileType = wrapper.cfbundle; includeInIndex = 0; path = AminoteTests.xctest; sourceTree = BUILT_PRODUCTS_DIR; };
		719D6ED22D53B38000278FA0 /* AminoteUITests.xctest */ = {isa = PBXFileReference; explicitFileType = wrapper.cfbundle; includeInIndex = 0; path = AminoteUITests.xctest; sourceTree = BUILT_PRODUCTS_DIR; };
		71F48E1C2D780D6400449BC0 /* AminoteWidgetExtension.appex */ = {isa = PBXFileReference; explicitFileType = "wrapper.app-extension"; includeInIndex = 0; path = AminoteWidgetExtension.appex; sourceTree = BUILT_PRODUCTS_DIR; };
		71F48E1E2D780D6400449BC0 /* WidgetKit.framework */ = {isa = PBXFileReference; lastKnownFileType = wrapper.framework; name = WidgetKit.framework; path = System/Library/Frameworks/WidgetKit.framework; sourceTree = SDKROOT; };
		71F48E202D780D6400449BC0 /* SwiftUI.framework */ = {isa = PBXFileReference; lastKnownFileType = wrapper.framework; name = SwiftUI.framework; path = System/Library/Frameworks/SwiftUI.framework; sourceTree = SDKROOT; };
		71F48E3F2D78152400449BC0 /* AminoteWidgetExtension.entitlements */ = {isa = PBXFileReference; lastKnownFileType = text.plist.entitlements; path = AminoteWidgetExtension.entitlements; sourceTree = "<group>"; };
/* End PBXFileReference section */

/* Begin PBXFileSystemSynchronizedBuildFileExceptionSet section */
		71AFBE392CE070E500A1BA18 /* Exceptions for "Aminote" folder in "Aminote" target */ = {
			isa = PBXFileSystemSynchronizedBuildFileExceptionSet;
			membershipExceptions = (
				Configurations/Info.plist,
			);
			target = 7156779F2CCB49A200B8AF45 /* Aminote */;
		};
		71F48E322D780D6600449BC0 /* Exceptions for "AminoteWidget" folder in "AminoteWidgetExtension" target */ = {
			isa = PBXFileSystemSynchronizedBuildFileExceptionSet;
			membershipExceptions = (
				Info.plist,
			);
			target = 71F48E1B2D780D6400449BC0 /* AminoteWidgetExtension */;
		};
		71F48E352D780EDA00449BC0 /* Exceptions for "Aminote" folder in "AminoteWidgetExtension" target */ = {
			isa = PBXFileSystemSynchronizedBuildFileExceptionSet;
			membershipExceptions = (
				Configurations/Main.xcdatamodeld,
				"DataController-StoreKit.swift",
				DataController.swift,
				"Extensions/Issue-CoreDataHelpers.swift",
				"Extensions/Tag-CoreDataHelpers.swift",
				Filters/Filter.swift,
			);
			target = 71F48E1B2D780D6400449BC0 /* AminoteWidgetExtension */;
		};
/* End PBXFileSystemSynchronizedBuildFileExceptionSet section */

/* Begin PBXFileSystemSynchronizedRootGroup section */
		715677A22CCB49A200B8AF45 /* Aminote */ = {
			isa = PBXFileSystemSynchronizedRootGroup;
			exceptions = (
				71AFBE392CE070E500A1BA18 /* Exceptions for "Aminote" folder in "Aminote" target */,
				71F48E352D780EDA00449BC0 /* Exceptions for "Aminote" folder in "AminoteWidgetExtension" target */,
			);
			path = Aminote;
			sourceTree = "<group>";
		};
		719D6EB52D474C3500278FA0 /* AminoteTests */ = {
			isa = PBXFileSystemSynchronizedRootGroup;
			path = AminoteTests;
			sourceTree = "<group>";
		};
		719D6ED32D53B38000278FA0 /* AminoteUITests */ = {
			isa = PBXFileSystemSynchronizedRootGroup;
			path = AminoteUITests;
			sourceTree = "<group>";
		};
		71F48E222D780D6400449BC0 /* AminoteWidget */ = {
			isa = PBXFileSystemSynchronizedRootGroup;
			exceptions = (
				71F48E322D780D6600449BC0 /* Exceptions for "AminoteWidget" folder in "AminoteWidgetExtension" target */,
			);
			path = AminoteWidget;
			sourceTree = "<group>";
		};
/* End PBXFileSystemSynchronizedRootGroup section */

/* Begin PBXFrameworksBuildPhase section */
		7156779D2CCB49A200B8AF45 /* Frameworks */ = {
			isa = PBXFrameworksBuildPhase;
			buildActionMask = 2147483647;
			files = (
			);
			runOnlyForDeploymentPostprocessing = 0;
		};
		719D6EB12D474C3500278FA0 /* Frameworks */ = {
			isa = PBXFrameworksBuildPhase;
			buildActionMask = 2147483647;
			files = (
			);
			runOnlyForDeploymentPostprocessing = 0;
		};
		719D6ECF2D53B38000278FA0 /* Frameworks */ = {
			isa = PBXFrameworksBuildPhase;
			buildActionMask = 2147483647;
			files = (
			);
			runOnlyForDeploymentPostprocessing = 0;
		};
		71F48E192D780D6400449BC0 /* Frameworks */ = {
			isa = PBXFrameworksBuildPhase;
			buildActionMask = 2147483647;
			files = (
				71F48E212D780D6400449BC0 /* SwiftUI.framework in Frameworks */,
				71F48E1F2D780D6400449BC0 /* WidgetKit.framework in Frameworks */,
			);
			runOnlyForDeploymentPostprocessing = 0;
		};
/* End PBXFrameworksBuildPhase section */

/* Begin PBXGroup section */
		715677972CCB49A200B8AF45 = {
			isa = PBXGroup;
			children = (
				71F48E3F2D78152400449BC0 /* AminoteWidgetExtension.entitlements */,
				715677A22CCB49A200B8AF45 /* Aminote */,
				719D6EB52D474C3500278FA0 /* AminoteTests */,
				719D6ED32D53B38000278FA0 /* AminoteUITests */,
				71F48E222D780D6400449BC0 /* AminoteWidget */,
				71F48E1D2D780D6400449BC0 /* Frameworks */,
				715677A12CCB49A200B8AF45 /* Products */,
			);
			sourceTree = "<group>";
		};
		715677A12CCB49A200B8AF45 /* Products */ = {
			isa = PBXGroup;
			children = (
				715677A02CCB49A200B8AF45 /* Aminote.app */,
				719D6EB42D474C3500278FA0 /* AminoteTests.xctest */,
				719D6ED22D53B38000278FA0 /* AminoteUITests.xctest */,
				71F48E1C2D780D6400449BC0 /* AminoteWidgetExtension.appex */,
			);
			name = Products;
			sourceTree = "<group>";
		};
		71F48E1D2D780D6400449BC0 /* Frameworks */ = {
			isa = PBXGroup;
			children = (
				71F48E1E2D780D6400449BC0 /* WidgetKit.framework */,
				71F48E202D780D6400449BC0 /* SwiftUI.framework */,
			);
			name = Frameworks;
			sourceTree = "<group>";
		};
/* End PBXGroup section */

/* Begin PBXNativeTarget section */
		7156779F2CCB49A200B8AF45 /* Aminote */ = {
			isa = PBXNativeTarget;
			buildConfigurationList = 715677AF2CCB49A300B8AF45 /* Build configuration list for PBXNativeTarget "Aminote" */;
			buildPhases = (
				7156779C2CCB49A200B8AF45 /* Sources */,
				7156779D2CCB49A200B8AF45 /* Frameworks */,
				7156779E2CCB49A200B8AF45 /* Resources */,
				71F2B45C2D3181F900579B42 /* Swiftlint */,
				71F48E332D780D6600449BC0 /* Embed Foundation Extensions */,
			);
			buildRules = (
			);
			dependencies = (
				71F48E2D2D780D6600449BC0 /* PBXTargetDependency */,
			);
			fileSystemSynchronizedGroups = (
				715677A22CCB49A200B8AF45 /* Aminote */,
			);
			name = Aminote;
			packageProductDependencies = (
			);
			productName = Aminote;
			productReference = 715677A02CCB49A200B8AF45 /* Aminote.app */;
			productType = "com.apple.product-type.application";
		};
		719D6EB32D474C3500278FA0 /* AminoteTests */ = {
			isa = PBXNativeTarget;
			buildConfigurationList = 719D6EBC2D474C3500278FA0 /* Build configuration list for PBXNativeTarget "AminoteTests" */;
			buildPhases = (
				719D6EB02D474C3500278FA0 /* Sources */,
				719D6EB12D474C3500278FA0 /* Frameworks */,
				719D6EB22D474C3500278FA0 /* Resources */,
			);
			buildRules = (
			);
			dependencies = (
				719D6EB92D474C3500278FA0 /* PBXTargetDependency */,
			);
			fileSystemSynchronizedGroups = (
				719D6EB52D474C3500278FA0 /* AminoteTests */,
			);
			name = AminoteTests;
			packageProductDependencies = (
			);
			productName = AminoteTests;
			productReference = 719D6EB42D474C3500278FA0 /* AminoteTests.xctest */;
			productType = "com.apple.product-type.bundle.unit-test";
		};
		719D6ED12D53B38000278FA0 /* AminoteUITests */ = {
			isa = PBXNativeTarget;
			buildConfigurationList = 719D6EDA2D53B38000278FA0 /* Build configuration list for PBXNativeTarget "AminoteUITests" */;
			buildPhases = (
				719D6ECE2D53B38000278FA0 /* Sources */,
				719D6ECF2D53B38000278FA0 /* Frameworks */,
				719D6ED02D53B38000278FA0 /* Resources */,
			);
			buildRules = (
			);
			dependencies = (
				719D6ED92D53B38000278FA0 /* PBXTargetDependency */,
			);
			fileSystemSynchronizedGroups = (
				719D6ED32D53B38000278FA0 /* AminoteUITests */,
			);
			name = AminoteUITests;
			packageProductDependencies = (
			);
			productName = AminoteUITests;
			productReference = 719D6ED22D53B38000278FA0 /* AminoteUITests.xctest */;
			productType = "com.apple.product-type.bundle.ui-testing";
		};
		71F48E1B2D780D6400449BC0 /* AminoteWidgetExtension */ = {
			isa = PBXNativeTarget;
			buildConfigurationList = 71F48E2F2D780D6600449BC0 /* Build configuration list for PBXNativeTarget "AminoteWidgetExtension" */;
			buildPhases = (
				71F48E182D780D6400449BC0 /* Sources */,
				71F48E192D780D6400449BC0 /* Frameworks */,
				71F48E1A2D780D6400449BC0 /* Resources */,
			);
			buildRules = (
			);
			dependencies = (
			);
			fileSystemSynchronizedGroups = (
				71F48E222D780D6400449BC0 /* AminoteWidget */,
			);
			name = AminoteWidgetExtension;
			packageProductDependencies = (
			);
			productName = AminoteWidgetExtension;
			productReference = 71F48E1C2D780D6400449BC0 /* AminoteWidgetExtension.appex */;
			productType = "com.apple.product-type.app-extension";
		};
/* End PBXNativeTarget section */

/* Begin PBXProject section */
		715677982CCB49A200B8AF45 /* Project object */ = {
			isa = PBXProject;
			attributes = {
				BuildIndependentTargetsInParallel = 1;
				LastSwiftUpdateCheck = 1620;
				LastUpgradeCheck = 1600;
				TargetAttributes = {
					7156779F2CCB49A200B8AF45 = {
						CreatedOnToolsVersion = 16.0;
					};
					719D6EB32D474C3500278FA0 = {
						CreatedOnToolsVersion = 16.2;
						TestTargetID = 7156779F2CCB49A200B8AF45;
					};
					719D6ED12D53B38000278FA0 = {
						CreatedOnToolsVersion = 16.2;
						TestTargetID = 7156779F2CCB49A200B8AF45;
					};
					71F48E1B2D780D6400449BC0 = {
						CreatedOnToolsVersion = 16.2;
					};
				};
			};
			buildConfigurationList = 7156779B2CCB49A200B8AF45 /* Build configuration list for PBXProject "Aminote" */;
			developmentRegion = en;
			hasScannedForEncodings = 0;
			knownRegions = (
				en,
				Base,
				hu,
			);
			mainGroup = 715677972CCB49A200B8AF45;
			minimizedProjectReferenceProxies = 1;
			preferredProjectObjectVersion = 77;
			productRefGroup = 715677A12CCB49A200B8AF45 /* Products */;
			projectDirPath = "";
			projectRoot = "";
			targets = (
				7156779F2CCB49A200B8AF45 /* Aminote */,
				719D6EB32D474C3500278FA0 /* AminoteTests */,
				719D6ED12D53B38000278FA0 /* AminoteUITests */,
				71F48E1B2D780D6400449BC0 /* AminoteWidgetExtension */,
			);
		};
/* End PBXProject section */

/* Begin PBXResourcesBuildPhase section */
		7156779E2CCB49A200B8AF45 /* Resources */ = {
			isa = PBXResourcesBuildPhase;
			buildActionMask = 2147483647;
			files = (
			);
			runOnlyForDeploymentPostprocessing = 0;
		};
		719D6EB22D474C3500278FA0 /* Resources */ = {
			isa = PBXResourcesBuildPhase;
			buildActionMask = 2147483647;
			files = (
			);
			runOnlyForDeploymentPostprocessing = 0;
		};
		719D6ED02D53B38000278FA0 /* Resources */ = {
			isa = PBXResourcesBuildPhase;
			buildActionMask = 2147483647;
			files = (
			);
			runOnlyForDeploymentPostprocessing = 0;
		};
		71F48E1A2D780D6400449BC0 /* Resources */ = {
			isa = PBXResourcesBuildPhase;
			buildActionMask = 2147483647;
			files = (
			);
			runOnlyForDeploymentPostprocessing = 0;
		};
/* End PBXResourcesBuildPhase section */

/* Begin PBXShellScriptBuildPhase section */
		71F2B45C2D3181F900579B42 /* Swiftlint */ = {
			isa = PBXShellScriptBuildPhase;
			alwaysOutOfDate = 1;
			buildActionMask = 2147483647;
			files = (
			);
			inputFileListPaths = (
			);
			inputPaths = (
			);
			name = Swiftlint;
			outputFileListPaths = (
			);
			outputPaths = (
			);
			runOnlyForDeploymentPostprocessing = 0;
			shellPath = /bin/sh;
			shellScript = "if [[ \"$(uname -m)\" == arm64 ]]\nthen\n    export PATH=\"/opt/homebrew/bin:$PATH\"\nfi\n\nif command -v swiftlint >/dev/null 2>&1\nthen\n    swiftlint\nelse\n    echo \"warning: `swiftlint` command not found - See https://github.com/realm/SwiftLint#installation for installation instructions.\"\nfi\n";
		};
/* End PBXShellScriptBuildPhase section */

/* Begin PBXSourcesBuildPhase section */
		7156779C2CCB49A200B8AF45 /* Sources */ = {
			isa = PBXSourcesBuildPhase;
			buildActionMask = 2147483647;
			files = (
			);
			runOnlyForDeploymentPostprocessing = 0;
		};
		719D6EB02D474C3500278FA0 /* Sources */ = {
			isa = PBXSourcesBuildPhase;
			buildActionMask = 2147483647;
			files = (
			);
			runOnlyForDeploymentPostprocessing = 0;
		};
		719D6ECE2D53B38000278FA0 /* Sources */ = {
			isa = PBXSourcesBuildPhase;
			buildActionMask = 2147483647;
			files = (
			);
			runOnlyForDeploymentPostprocessing = 0;
		};
		71F48E182D780D6400449BC0 /* Sources */ = {
			isa = PBXSourcesBuildPhase;
			buildActionMask = 2147483647;
			files = (
			);
			runOnlyForDeploymentPostprocessing = 0;
		};
/* End PBXSourcesBuildPhase section */

/* Begin PBXTargetDependency section */
		719D6EB92D474C3500278FA0 /* PBXTargetDependency */ = {
			isa = PBXTargetDependency;
			target = 7156779F2CCB49A200B8AF45 /* Aminote */;
			targetProxy = 719D6EB82D474C3500278FA0 /* PBXContainerItemProxy */;
		};
		719D6ED92D53B38000278FA0 /* PBXTargetDependency */ = {
			isa = PBXTargetDependency;
			target = 7156779F2CCB49A200B8AF45 /* Aminote */;
			targetProxy = 719D6ED82D53B38000278FA0 /* PBXContainerItemProxy */;
		};
		71F48E2D2D780D6600449BC0 /* PBXTargetDependency */ = {
			isa = PBXTargetDependency;
			target = 71F48E1B2D780D6400449BC0 /* AminoteWidgetExtension */;
			targetProxy = 71F48E2C2D780D6600449BC0 /* PBXContainerItemProxy */;
		};
/* End PBXTargetDependency section */

/* Begin XCBuildConfiguration section */
		715677AD2CCB49A300B8AF45 /* Debug */ = {
			isa = XCBuildConfiguration;
			buildSettings = {
				ALWAYS_SEARCH_USER_PATHS = NO;
				ASSETCATALOG_COMPILER_GENERATE_SWIFT_ASSET_SYMBOL_EXTENSIONS = YES;
				CLANG_ANALYZER_NONNULL = YES;
				CLANG_ANALYZER_NUMBER_OBJECT_CONVERSION = YES_AGGRESSIVE;
				CLANG_CXX_LANGUAGE_STANDARD = "gnu++20";
				CLANG_ENABLE_MODULES = YES;
				CLANG_ENABLE_OBJC_ARC = YES;
				CLANG_ENABLE_OBJC_WEAK = YES;
				CLANG_WARN_BLOCK_CAPTURE_AUTORELEASING = YES;
				CLANG_WARN_BOOL_CONVERSION = YES;
				CLANG_WARN_COMMA = YES;
				CLANG_WARN_CONSTANT_CONVERSION = YES;
				CLANG_WARN_DEPRECATED_OBJC_IMPLEMENTATIONS = YES;
				CLANG_WARN_DIRECT_OBJC_ISA_USAGE = YES_ERROR;
				CLANG_WARN_DOCUMENTATION_COMMENTS = YES;
				CLANG_WARN_EMPTY_BODY = YES;
				CLANG_WARN_ENUM_CONVERSION = YES;
				CLANG_WARN_INFINITE_RECURSION = YES;
				CLANG_WARN_INT_CONVERSION = YES;
				CLANG_WARN_NON_LITERAL_NULL_CONVERSION = YES;
				CLANG_WARN_OBJC_IMPLICIT_RETAIN_SELF = YES;
				CLANG_WARN_OBJC_LITERAL_CONVERSION = YES;
				CLANG_WARN_OBJC_ROOT_CLASS = YES_ERROR;
				CLANG_WARN_QUOTED_INCLUDE_IN_FRAMEWORK_HEADER = YES;
				CLANG_WARN_RANGE_LOOP_ANALYSIS = YES;
				CLANG_WARN_STRICT_PROTOTYPES = YES;
				CLANG_WARN_SUSPICIOUS_MOVE = YES;
				CLANG_WARN_UNGUARDED_AVAILABILITY = YES_AGGRESSIVE;
				CLANG_WARN_UNREACHABLE_CODE = YES;
				CLANG_WARN__DUPLICATE_METHOD_MATCH = YES;
				COPY_PHASE_STRIP = NO;
				DEBUG_INFORMATION_FORMAT = dwarf;
				ENABLE_STRICT_OBJC_MSGSEND = YES;
				ENABLE_TESTABILITY = YES;
				ENABLE_USER_SCRIPT_SANDBOXING = YES;
				GCC_C_LANGUAGE_STANDARD = gnu17;
				GCC_DYNAMIC_NO_PIC = NO;
				GCC_NO_COMMON_BLOCKS = YES;
				GCC_OPTIMIZATION_LEVEL = 0;
				GCC_PREPROCESSOR_DEFINITIONS = (
					"DEBUG=1",
					"$(inherited)",
				);
				GCC_WARN_64_TO_32_BIT_CONVERSION = YES;
				GCC_WARN_ABOUT_RETURN_TYPE = YES_ERROR;
				GCC_WARN_UNDECLARED_SELECTOR = YES;
				GCC_WARN_UNINITIALIZED_AUTOS = YES_AGGRESSIVE;
				GCC_WARN_UNUSED_FUNCTION = YES;
				GCC_WARN_UNUSED_VARIABLE = YES;
				LOCALIZATION_PREFERS_STRING_CATALOGS = YES;
				MTL_ENABLE_DEBUG_INFO = INCLUDE_SOURCE;
				MTL_FAST_MATH = YES;
				ONLY_ACTIVE_ARCH = YES;
				SWIFT_ACTIVE_COMPILATION_CONDITIONS = "DEBUG $(inherited)";
				SWIFT_OPTIMIZATION_LEVEL = "-Onone";
			};
			name = Debug;
		};
		715677AE2CCB49A300B8AF45 /* Release */ = {
			isa = XCBuildConfiguration;
			buildSettings = {
				ALWAYS_SEARCH_USER_PATHS = NO;
				ASSETCATALOG_COMPILER_GENERATE_SWIFT_ASSET_SYMBOL_EXTENSIONS = YES;
				CLANG_ANALYZER_NONNULL = YES;
				CLANG_ANALYZER_NUMBER_OBJECT_CONVERSION = YES_AGGRESSIVE;
				CLANG_CXX_LANGUAGE_STANDARD = "gnu++20";
				CLANG_ENABLE_MODULES = YES;
				CLANG_ENABLE_OBJC_ARC = YES;
				CLANG_ENABLE_OBJC_WEAK = YES;
				CLANG_WARN_BLOCK_CAPTURE_AUTORELEASING = YES;
				CLANG_WARN_BOOL_CONVERSION = YES;
				CLANG_WARN_COMMA = YES;
				CLANG_WARN_CONSTANT_CONVERSION = YES;
				CLANG_WARN_DEPRECATED_OBJC_IMPLEMENTATIONS = YES;
				CLANG_WARN_DIRECT_OBJC_ISA_USAGE = YES_ERROR;
				CLANG_WARN_DOCUMENTATION_COMMENTS = YES;
				CLANG_WARN_EMPTY_BODY = YES;
				CLANG_WARN_ENUM_CONVERSION = YES;
				CLANG_WARN_INFINITE_RECURSION = YES;
				CLANG_WARN_INT_CONVERSION = YES;
				CLANG_WARN_NON_LITERAL_NULL_CONVERSION = YES;
				CLANG_WARN_OBJC_IMPLICIT_RETAIN_SELF = YES;
				CLANG_WARN_OBJC_LITERAL_CONVERSION = YES;
				CLANG_WARN_OBJC_ROOT_CLASS = YES_ERROR;
				CLANG_WARN_QUOTED_INCLUDE_IN_FRAMEWORK_HEADER = YES;
				CLANG_WARN_RANGE_LOOP_ANALYSIS = YES;
				CLANG_WARN_STRICT_PROTOTYPES = YES;
				CLANG_WARN_SUSPICIOUS_MOVE = YES;
				CLANG_WARN_UNGUARDED_AVAILABILITY = YES_AGGRESSIVE;
				CLANG_WARN_UNREACHABLE_CODE = YES;
				CLANG_WARN__DUPLICATE_METHOD_MATCH = YES;
				COPY_PHASE_STRIP = NO;
				DEBUG_INFORMATION_FORMAT = "dwarf-with-dsym";
				ENABLE_NS_ASSERTIONS = NO;
				ENABLE_STRICT_OBJC_MSGSEND = YES;
				ENABLE_USER_SCRIPT_SANDBOXING = YES;
				GCC_C_LANGUAGE_STANDARD = gnu17;
				GCC_NO_COMMON_BLOCKS = YES;
				GCC_WARN_64_TO_32_BIT_CONVERSION = YES;
				GCC_WARN_ABOUT_RETURN_TYPE = YES_ERROR;
				GCC_WARN_UNDECLARED_SELECTOR = YES;
				GCC_WARN_UNINITIALIZED_AUTOS = YES_AGGRESSIVE;
				GCC_WARN_UNUSED_FUNCTION = YES;
				GCC_WARN_UNUSED_VARIABLE = YES;
				LOCALIZATION_PREFERS_STRING_CATALOGS = YES;
				MTL_ENABLE_DEBUG_INFO = NO;
				MTL_FAST_MATH = YES;
				SWIFT_COMPILATION_MODE = wholemodule;
			};
			name = Release;
		};
		715677B02CCB49A300B8AF45 /* Debug */ = {
			isa = XCBuildConfiguration;
			buildSettings = {
				ASSETCATALOG_COMPILER_APPICON_NAME = AppIcon;
				ASSETCATALOG_COMPILER_GLOBAL_ACCENT_COLOR_NAME = AccentColor;
				CODE_SIGN_ENTITLEMENTS = Aminote/Configurations/Aminote.entitlements;
				CODE_SIGN_STYLE = Automatic;
				CURRENT_PROJECT_VERSION = 1;
				DEVELOPMENT_ASSET_PATHS = "\"Aminote/Preview Content\"";
				DEVELOPMENT_TEAM = 45KK5U5H4J;
				ENABLE_HARDENED_RUNTIME = YES;
				ENABLE_PREVIEWS = YES;
				ENABLE_USER_SCRIPT_SANDBOXING = NO;
				GENERATE_INFOPLIST_FILE = YES;
				INFOPLIST_FILE = Aminote/Configurations/Info.plist;
				"INFOPLIST_KEY_UIApplicationSceneManifest_Generation[sdk=iphoneos*]" = YES;
				"INFOPLIST_KEY_UIApplicationSceneManifest_Generation[sdk=iphonesimulator*]" = YES;
				"INFOPLIST_KEY_UIApplicationSupportsIndirectInputEvents[sdk=iphoneos*]" = YES;
				"INFOPLIST_KEY_UIApplicationSupportsIndirectInputEvents[sdk=iphonesimulator*]" = YES;
				"INFOPLIST_KEY_UILaunchScreen_Generation[sdk=iphoneos*]" = YES;
				"INFOPLIST_KEY_UILaunchScreen_Generation[sdk=iphonesimulator*]" = YES;
				"INFOPLIST_KEY_UIStatusBarStyle[sdk=iphoneos*]" = UIStatusBarStyleDefault;
				"INFOPLIST_KEY_UIStatusBarStyle[sdk=iphonesimulator*]" = UIStatusBarStyleDefault;
				INFOPLIST_KEY_UISupportedInterfaceOrientations_iPad = "UIInterfaceOrientationPortrait UIInterfaceOrientationPortraitUpsideDown UIInterfaceOrientationLandscapeLeft UIInterfaceOrientationLandscapeRight";
				INFOPLIST_KEY_UISupportedInterfaceOrientations_iPhone = "UIInterfaceOrientationPortrait UIInterfaceOrientationLandscapeLeft UIInterfaceOrientationLandscapeRight";
				IPHONEOS_DEPLOYMENT_TARGET = 18.0;
				LD_RUNPATH_SEARCH_PATHS = "@executable_path/Frameworks";
				"LD_RUNPATH_SEARCH_PATHS[sdk=macosx*]" = "@executable_path/../Frameworks";
				MACOSX_DEPLOYMENT_TARGET = 14.6;
				MARKETING_VERSION = 1.0;
				PRODUCT_BUNDLE_IDENTIFIER = com.amin.nazemzadeh.Aminote;
				PRODUCT_NAME = "$(TARGET_NAME)";
				SDKROOT = auto;
				SUPPORTED_PLATFORMS = "iphoneos iphonesimulator macosx xros xrsimulator";
				SWIFT_EMIT_LOC_STRINGS = YES;
				SWIFT_VERSION = 5.0;
				TARGETED_DEVICE_FAMILY = "1,2,7";
				XROS_DEPLOYMENT_TARGET = 2.0;
			};
			name = Debug;
		};
		715677B12CCB49A300B8AF45 /* Release */ = {
			isa = XCBuildConfiguration;
			buildSettings = {
				ASSETCATALOG_COMPILER_APPICON_NAME = AppIcon;
				ASSETCATALOG_COMPILER_GLOBAL_ACCENT_COLOR_NAME = AccentColor;
				CODE_SIGN_ENTITLEMENTS = Aminote/Configurations/Aminote.entitlements;
				CODE_SIGN_STYLE = Automatic;
				CURRENT_PROJECT_VERSION = 1;
				DEVELOPMENT_ASSET_PATHS = "\"Aminote/Preview Content\"";
				DEVELOPMENT_TEAM = 45KK5U5H4J;
				ENABLE_HARDENED_RUNTIME = YES;
				ENABLE_PREVIEWS = YES;
				ENABLE_USER_SCRIPT_SANDBOXING = NO;
				GENERATE_INFOPLIST_FILE = YES;
				INFOPLIST_FILE = Aminote/Configurations/Info.plist;
				"INFOPLIST_KEY_UIApplicationSceneManifest_Generation[sdk=iphoneos*]" = YES;
				"INFOPLIST_KEY_UIApplicationSceneManifest_Generation[sdk=iphonesimulator*]" = YES;
				"INFOPLIST_KEY_UIApplicationSupportsIndirectInputEvents[sdk=iphoneos*]" = YES;
				"INFOPLIST_KEY_UIApplicationSupportsIndirectInputEvents[sdk=iphonesimulator*]" = YES;
				"INFOPLIST_KEY_UILaunchScreen_Generation[sdk=iphoneos*]" = YES;
				"INFOPLIST_KEY_UILaunchScreen_Generation[sdk=iphonesimulator*]" = YES;
				"INFOPLIST_KEY_UIStatusBarStyle[sdk=iphoneos*]" = UIStatusBarStyleDefault;
				"INFOPLIST_KEY_UIStatusBarStyle[sdk=iphonesimulator*]" = UIStatusBarStyleDefault;
				INFOPLIST_KEY_UISupportedInterfaceOrientations_iPad = "UIInterfaceOrientationPortrait UIInterfaceOrientationPortraitUpsideDown UIInterfaceOrientationLandscapeLeft UIInterfaceOrientationLandscapeRight";
				INFOPLIST_KEY_UISupportedInterfaceOrientations_iPhone = "UIInterfaceOrientationPortrait UIInterfaceOrientationLandscapeLeft UIInterfaceOrientationLandscapeRight";
				IPHONEOS_DEPLOYMENT_TARGET = 18.0;
				LD_RUNPATH_SEARCH_PATHS = "@executable_path/Frameworks";
				"LD_RUNPATH_SEARCH_PATHS[sdk=macosx*]" = "@executable_path/../Frameworks";
				MACOSX_DEPLOYMENT_TARGET = 14.6;
				MARKETING_VERSION = 1.0;
				PRODUCT_BUNDLE_IDENTIFIER = com.amin.nazemzadeh.Aminote;
				PRODUCT_NAME = "$(TARGET_NAME)";
				SDKROOT = auto;
				SUPPORTED_PLATFORMS = "iphoneos iphonesimulator macosx xros xrsimulator";
				SWIFT_EMIT_LOC_STRINGS = YES;
				SWIFT_VERSION = 5.0;
				TARGETED_DEVICE_FAMILY = "1,2,7";
				XROS_DEPLOYMENT_TARGET = 2.0;
			};
			name = Release;
		};
		719D6EBA2D474C3500278FA0 /* Debug */ = {
			isa = XCBuildConfiguration;
			buildSettings = {
				BUNDLE_LOADER = "$(TEST_HOST)";
				CODE_SIGN_STYLE = Automatic;
				CURRENT_PROJECT_VERSION = 1;
				DEVELOPMENT_TEAM = 45KK5U5H4J;
				GENERATE_INFOPLIST_FILE = YES;
				IPHONEOS_DEPLOYMENT_TARGET = 18.0;
				MARKETING_VERSION = 1.0;
				PRODUCT_BUNDLE_IDENTIFIER = com.amin.nazemzadeh.AminoteTests;
				PRODUCT_NAME = "$(TARGET_NAME)";
				SDKROOT = iphoneos;
				SWIFT_EMIT_LOC_STRINGS = NO;
				SWIFT_VERSION = 5.0;
				TARGETED_DEVICE_FAMILY = "1,2";
				TEST_HOST = "$(BUILT_PRODUCTS_DIR)/Aminote.app/$(BUNDLE_EXECUTABLE_FOLDER_PATH)/Aminote";
			};
			name = Debug;
		};
		719D6EBB2D474C3500278FA0 /* Release */ = {
			isa = XCBuildConfiguration;
			buildSettings = {
				BUNDLE_LOADER = "$(TEST_HOST)";
				CODE_SIGN_STYLE = Automatic;
				CURRENT_PROJECT_VERSION = 1;
				DEVELOPMENT_TEAM = 45KK5U5H4J;
				GENERATE_INFOPLIST_FILE = YES;
				IPHONEOS_DEPLOYMENT_TARGET = 18.0;
				MARKETING_VERSION = 1.0;
				PRODUCT_BUNDLE_IDENTIFIER = com.amin.nazemzadeh.AminoteTests;
				PRODUCT_NAME = "$(TARGET_NAME)";
				SDKROOT = iphoneos;
				SWIFT_EMIT_LOC_STRINGS = NO;
				SWIFT_VERSION = 5.0;
				TARGETED_DEVICE_FAMILY = "1,2";
				TEST_HOST = "$(BUILT_PRODUCTS_DIR)/Aminote.app/$(BUNDLE_EXECUTABLE_FOLDER_PATH)/Aminote";
				VALIDATE_PRODUCT = YES;
			};
			name = Release;
		};
		719D6EDB2D53B38000278FA0 /* Debug */ = {
			isa = XCBuildConfiguration;
			buildSettings = {
				CODE_SIGN_STYLE = Automatic;
				CURRENT_PROJECT_VERSION = 1;
				DEVELOPMENT_TEAM = 45KK5U5H4J;
				GENERATE_INFOPLIST_FILE = YES;
				IPHONEOS_DEPLOYMENT_TARGET = 18.2;
				MARKETING_VERSION = 1.0;
				PRODUCT_BUNDLE_IDENTIFIER = com.amin.nazemzadeh.AminoteUITests;
				PRODUCT_NAME = "$(TARGET_NAME)";
				SDKROOT = iphoneos;
				SWIFT_EMIT_LOC_STRINGS = NO;
				SWIFT_VERSION = 5.0;
				TARGETED_DEVICE_FAMILY = "1,2";
				TEST_TARGET_NAME = Aminote;
			};
			name = Debug;
		};
		719D6EDC2D53B38000278FA0 /* Release */ = {
			isa = XCBuildConfiguration;
			buildSettings = {
				CODE_SIGN_STYLE = Automatic;
				CURRENT_PROJECT_VERSION = 1;
				DEVELOPMENT_TEAM = 45KK5U5H4J;
				GENERATE_INFOPLIST_FILE = YES;
				IPHONEOS_DEPLOYMENT_TARGET = 18.2;
				MARKETING_VERSION = 1.0;
				PRODUCT_BUNDLE_IDENTIFIER = com.amin.nazemzadeh.AminoteUITests;
				PRODUCT_NAME = "$(TARGET_NAME)";
				SDKROOT = iphoneos;
				SWIFT_EMIT_LOC_STRINGS = NO;
				SWIFT_VERSION = 5.0;
				TARGETED_DEVICE_FAMILY = "1,2";
				TEST_TARGET_NAME = Aminote;
				VALIDATE_PRODUCT = YES;
			};
			name = Release;
		};
		71F48E302D780D6600449BC0 /* Debug */ = {
			isa = XCBuildConfiguration;
			buildSettings = {
				ASSETCATALOG_COMPILER_GLOBAL_ACCENT_COLOR_NAME = AccentColor;
				ASSETCATALOG_COMPILER_WIDGET_BACKGROUND_COLOR_NAME = WidgetBackground;
				CODE_SIGN_ENTITLEMENTS = AminoteWidgetExtension.entitlements;
				CODE_SIGN_STYLE = Automatic;
				CURRENT_PROJECT_VERSION = 1;
				DEVELOPMENT_TEAM = 45KK5U5H4J;
				GENERATE_INFOPLIST_FILE = YES;
				INFOPLIST_FILE = AminoteWidget/Info.plist;
				INFOPLIST_KEY_CFBundleDisplayName = AminoteWidget;
				INFOPLIST_KEY_NSHumanReadableCopyright = "";
				IPHONEOS_DEPLOYMENT_TARGET = 18.2;
				LD_RUNPATH_SEARCH_PATHS = (
					"$(inherited)",
					"@executable_path/Frameworks",
					"@executable_path/../../Frameworks",
				);
				MARKETING_VERSION = 1.0;
				PRODUCT_BUNDLE_IDENTIFIER = com.amin.nazemzadeh.Aminote.AminoteWidget;
				PRODUCT_NAME = "$(TARGET_NAME)";
				SDKROOT = iphoneos;
				SKIP_INSTALL = YES;
				SWIFT_EMIT_LOC_STRINGS = YES;
				SWIFT_VERSION = 5.0;
				TARGETED_DEVICE_FAMILY = "1,2";
			};
			name = Debug;
		};
		71F48E312D780D6600449BC0 /* Release */ = {
			isa = XCBuildConfiguration;
			buildSettings = {
				ASSETCATALOG_COMPILER_GLOBAL_ACCENT_COLOR_NAME = AccentColor;
				ASSETCATALOG_COMPILER_WIDGET_BACKGROUND_COLOR_NAME = WidgetBackground;
				CODE_SIGN_ENTITLEMENTS = AminoteWidgetExtension.entitlements;
				CODE_SIGN_STYLE = Automatic;
				CURRENT_PROJECT_VERSION = 1;
				DEVELOPMENT_TEAM = 45KK5U5H4J;
				GENERATE_INFOPLIST_FILE = YES;
				INFOPLIST_FILE = AminoteWidget/Info.plist;
				INFOPLIST_KEY_CFBundleDisplayName = AminoteWidget;
				INFOPLIST_KEY_NSHumanReadableCopyright = "";
				IPHONEOS_DEPLOYMENT_TARGET = 18.2;
				LD_RUNPATH_SEARCH_PATHS = (
					"$(inherited)",
					"@executable_path/Frameworks",
					"@executable_path/../../Frameworks",
				);
				MARKETING_VERSION = 1.0;
				PRODUCT_BUNDLE_IDENTIFIER = com.amin.nazemzadeh.Aminote.AminoteWidget;
				PRODUCT_NAME = "$(TARGET_NAME)";
				SDKROOT = iphoneos;
				SKIP_INSTALL = YES;
				SWIFT_EMIT_LOC_STRINGS = YES;
				SWIFT_VERSION = 5.0;
				TARGETED_DEVICE_FAMILY = "1,2";
				VALIDATE_PRODUCT = YES;
			};
			name = Release;
		};
/* End XCBuildConfiguration section */

/* Begin XCConfigurationList section */
		7156779B2CCB49A200B8AF45 /* Build configuration list for PBXProject "Aminote" */ = {
			isa = XCConfigurationList;
			buildConfigurations = (
				715677AD2CCB49A300B8AF45 /* Debug */,
				715677AE2CCB49A300B8AF45 /* Release */,
			);
			defaultConfigurationIsVisible = 0;
			defaultConfigurationName = Release;
		};
		715677AF2CCB49A300B8AF45 /* Build configuration list for PBXNativeTarget "Aminote" */ = {
			isa = XCConfigurationList;
			buildConfigurations = (
				715677B02CCB49A300B8AF45 /* Debug */,
				715677B12CCB49A300B8AF45 /* Release */,
			);
			defaultConfigurationIsVisible = 0;
			defaultConfigurationName = Release;
		};
		719D6EBC2D474C3500278FA0 /* Build configuration list for PBXNativeTarget "AminoteTests" */ = {
			isa = XCConfigurationList;
			buildConfigurations = (
				719D6EBA2D474C3500278FA0 /* Debug */,
				719D6EBB2D474C3500278FA0 /* Release */,
			);
			defaultConfigurationIsVisible = 0;
			defaultConfigurationName = Release;
		};
		719D6EDA2D53B38000278FA0 /* Build configuration list for PBXNativeTarget "AminoteUITests" */ = {
			isa = XCConfigurationList;
			buildConfigurations = (
				719D6EDB2D53B38000278FA0 /* Debug */,
				719D6EDC2D53B38000278FA0 /* Release */,
			);
			defaultConfigurationIsVisible = 0;
			defaultConfigurationName = Release;
		};
		71F48E2F2D780D6600449BC0 /* Build configuration list for PBXNativeTarget "AminoteWidgetExtension" */ = {
			isa = XCConfigurationList;
			buildConfigurations = (
				71F48E302D780D6600449BC0 /* Debug */,
				71F48E312D780D6600449BC0 /* Release */,
			);
			defaultConfigurationIsVisible = 0;
			defaultConfigurationName = Release;
		};
/* End XCConfigurationList section */
	};
	rootObject = 715677982CCB49A200B8AF45 /* Project object */;
}
